// !$*UTF8*$!
{
	archiveVersion = 1;
	classes = {
	};
	objectVersion = 56;
	objects = {

/* Begin PBXBuildFile section */
		8401AF522A23DFD700C5D0E3 /* NotificationService.swift in Sources */ = {isa = PBXBuildFile; fileRef = 8401AF512A23DFD700C5D0E3 /* NotificationService.swift */; };
		8401AF562A23DFD700C5D0E3 /* OneSignalNotificationServiceExtension.appex in Embed Foundation Extensions */ = {isa = PBXBuildFile; fileRef = 8401AF4F2A23DFD700C5D0E3 /* OneSignalNotificationServiceExtension.appex */; settings = {ATTRIBUTES = (RemoveHeadersOnCopy, ); }; };
		847EC38D2A20E02300A009ED /* FeedViewController.swift in Sources */ = {isa = PBXBuildFile; fileRef = 847EC38C2A20E02300A009ED /* FeedViewController.swift */; };
		847EC3912A20E04F00A009ED /* SettingsViewController.swift in Sources */ = {isa = PBXBuildFile; fileRef = 847EC3902A20E04F00A009ED /* SettingsViewController.swift */; };
		847EC3932A20E06E00A009ED /* UploadViewController.swift in Sources */ = {isa = PBXBuildFile; fileRef = 847EC3922A20E06E00A009ED /* UploadViewController.swift */; };
		847EC3952A2130E600A009ED /* FeedCell.swift in Sources */ = {isa = PBXBuildFile; fileRef = 847EC3942A2130E600A009ED /* FeedCell.swift */; };
		84DC73CB2A201ABE00779F4F /* AppDelegate.swift in Sources */ = {isa = PBXBuildFile; fileRef = 84DC73CA2A201ABE00779F4F /* AppDelegate.swift */; };
		84DC73CD2A201ABE00779F4F /* SceneDelegate.swift in Sources */ = {isa = PBXBuildFile; fileRef = 84DC73CC2A201ABE00779F4F /* SceneDelegate.swift */; };
		84DC73CF2A201ABE00779F4F /* ViewController.swift in Sources */ = {isa = PBXBuildFile; fileRef = 84DC73CE2A201ABE00779F4F /* ViewController.swift */; };
		84DC73D22A201ABE00779F4F /* Main.storyboard in Resources */ = {isa = PBXBuildFile; fileRef = 84DC73D02A201ABE00779F4F /* Main.storyboard */; };
		84DC73D42A201ABE00779F4F /* Assets.xcassets in Resources */ = {isa = PBXBuildFile; fileRef = 84DC73D32A201ABE00779F4F /* Assets.xcassets */; };
		84DC73D72A201ABE00779F4F /* LaunchScreen.storyboard in Resources */ = {isa = PBXBuildFile; fileRef = 84DC73D52A201ABE00779F4F /* LaunchScreen.storyboard */; };
		84DC73DF2A201BED00779F4F /* GoogleService-Info.plist in Resources */ = {isa = PBXBuildFile; fileRef = 84DC73DE2A201BED00779F4F /* GoogleService-Info.plist */; };
		8DC8B85FEF355D1D957ABAEC /* Pods_InstagramClone.framework in Frameworks */ = {isa = PBXBuildFile; fileRef = 75064DB92CBF825A3A543A5F /* Pods_InstagramClone.framework */; };
		C33CA4EA968198FD5763AA2B /* Pods_InstagramClone_OneSignalNotificationServiceExtension.framework in Frameworks */ = {isa = PBXBuildFile; fileRef = F066677D274281C5B1C84BF1 /* Pods_InstagramClone_OneSignalNotificationServiceExtension.framework */; };
/* End PBXBuildFile section */

/* Begin PBXContainerItemProxy section */
		8401AF542A23DFD700C5D0E3 /* PBXContainerItemProxy */ = {
			isa = PBXContainerItemProxy;
			containerPortal = 84DC73BF2A201ABE00779F4F /* Project object */;
			proxyType = 1;
			remoteGlobalIDString = 8401AF4E2A23DFD700C5D0E3;
			remoteInfo = OneSignalNotificationServiceExtension;
		};
/* End PBXContainerItemProxy section */

/* Begin PBXCopyFilesBuildPhase section */
		8401AF5A2A23DFD700C5D0E3 /* Embed Foundation Extensions */ = {
			isa = PBXCopyFilesBuildPhase;
			buildActionMask = 2147483647;
			dstPath = "";
			dstSubfolderSpec = 13;
			files = (
				8401AF562A23DFD700C5D0E3 /* OneSignalNotificationServiceExtension.appex in Embed Foundation Extensions */,
			);
			name = "Embed Foundation Extensions";
			runOnlyForDeploymentPostprocessing = 0;
		};
/* End PBXCopyFilesBuildPhase section */

/* Begin PBXFileReference section */
		75064DB92CBF825A3A543A5F /* Pods_InstagramClone.framework */ = {isa = PBXFileReference; explicitFileType = wrapper.framework; includeInIndex = 0; path = Pods_InstagramClone.framework; sourceTree = BUILT_PRODUCTS_DIR; };
		7C38656853B768DA3CD6AAAC /* Pods-InstagramClone-OneSignalNotificationServiceExtension.debug.xcconfig */ = {isa = PBXFileReference; includeInIndex = 1; lastKnownFileType = text.xcconfig; name = "Pods-InstagramClone-OneSignalNotificationServiceExtension.debug.xcconfig"; path = "Target Support Files/Pods-InstagramClone-OneSignalNotificationServiceExtension/Pods-InstagramClone-OneSignalNotificationServiceExtension.debug.xcconfig"; sourceTree = "<group>"; };
		8401AF4F2A23DFD700C5D0E3 /* OneSignalNotificationServiceExtension.appex */ = {isa = PBXFileReference; explicitFileType = "wrapper.app-extension"; includeInIndex = 0; path = OneSignalNotificationServiceExtension.appex; sourceTree = BUILT_PRODUCTS_DIR; };
		8401AF512A23DFD700C5D0E3 /* NotificationService.swift */ = {isa = PBXFileReference; lastKnownFileType = sourcecode.swift; path = NotificationService.swift; sourceTree = "<group>"; };
		8401AF532A23DFD700C5D0E3 /* Info.plist */ = {isa = PBXFileReference; lastKnownFileType = text.plist.xml; path = Info.plist; sourceTree = "<group>"; };
		8401AF5B2A23EFA900C5D0E3 /* InstagramClone.entitlements */ = {isa = PBXFileReference; lastKnownFileType = text.plist.entitlements; path = InstagramClone.entitlements; sourceTree = "<group>"; };
		8401AF5C2A23FA1700C5D0E3 /* OneSignalNotificationServiceExtension.entitlements */ = {isa = PBXFileReference; lastKnownFileType = text.plist.entitlements; path = OneSignalNotificationServiceExtension.entitlements; sourceTree = "<group>"; };
		847EC38C2A20E02300A009ED /* FeedViewController.swift */ = {isa = PBXFileReference; lastKnownFileType = sourcecode.swift; path = FeedViewController.swift; sourceTree = "<group>"; };
		847EC3902A20E04F00A009ED /* SettingsViewController.swift */ = {isa = PBXFileReference; lastKnownFileType = sourcecode.swift; name = SettingsViewController.swift; path = /Users/bircansezgin/SoftRestart/Onemli/InstagramClone/InstagramClone/SettingsViewController.swift; sourceTree = "<absolute>"; };
		847EC3922A20E06E00A009ED /* UploadViewController.swift */ = {isa = PBXFileReference; lastKnownFileType = sourcecode.swift; path = UploadViewController.swift; sourceTree = "<group>"; };
		847EC3942A2130E600A009ED /* FeedCell.swift */ = {isa = PBXFileReference; lastKnownFileType = sourcecode.swift; path = FeedCell.swift; sourceTree = "<group>"; };
		84DC73C72A201ABE00779F4F /* InstagramClone.app */ = {isa = PBXFileReference; explicitFileType = wrapper.application; includeInIndex = 0; path = InstagramClone.app; sourceTree = BUILT_PRODUCTS_DIR; };
		84DC73CA2A201ABE00779F4F /* AppDelegate.swift */ = {isa = PBXFileReference; lastKnownFileType = sourcecode.swift; path = AppDelegate.swift; sourceTree = "<group>"; };
		84DC73CC2A201ABE00779F4F /* SceneDelegate.swift */ = {isa = PBXFileReference; lastKnownFileType = sourcecode.swift; path = SceneDelegate.swift; sourceTree = "<group>"; };
		84DC73CE2A201ABE00779F4F /* ViewController.swift */ = {isa = PBXFileReference; lastKnownFileType = sourcecode.swift; path = ViewController.swift; sourceTree = "<group>"; };
		84DC73D12A201ABE00779F4F /* Base */ = {isa = PBXFileReference; lastKnownFileType = file.storyboard; name = Base; path = Base.lproj/Main.storyboard; sourceTree = "<group>"; };
		84DC73D32A201ABE00779F4F /* Assets.xcassets */ = {isa = PBXFileReference; lastKnownFileType = folder.assetcatalog; path = Assets.xcassets; sourceTree = "<group>"; };
		84DC73D62A201ABE00779F4F /* Base */ = {isa = PBXFileReference; lastKnownFileType = file.storyboard; name = Base; path = Base.lproj/LaunchScreen.storyboard; sourceTree = "<group>"; };
		84DC73D82A201ABE00779F4F /* Info.plist */ = {isa = PBXFileReference; lastKnownFileType = text.plist.xml; path = Info.plist; sourceTree = "<group>"; };
		84DC73DE2A201BED00779F4F /* GoogleService-Info.plist */ = {isa = PBXFileReference; lastKnownFileType = text.plist.xml; path = "GoogleService-Info.plist"; sourceTree = SOURCE_ROOT; };
		A73FDF48E2EFD5A56B783A5E /* Pods-InstagramClone.debug.xcconfig */ = {isa = PBXFileReference; includeInIndex = 1; lastKnownFileType = text.xcconfig; name = "Pods-InstagramClone.debug.xcconfig"; path = "Target Support Files/Pods-InstagramClone/Pods-InstagramClone.debug.xcconfig"; sourceTree = "<group>"; };
		C7C413C743CB2CD3D49D4E21 /* Pods-InstagramClone-OneSignalNotificationServiceExtension.release.xcconfig */ = {isa = PBXFileReference; includeInIndex = 1; lastKnownFileType = text.xcconfig; name = "Pods-InstagramClone-OneSignalNotificationServiceExtension.release.xcconfig"; path = "Target Support Files/Pods-InstagramClone-OneSignalNotificationServiceExtension/Pods-InstagramClone-OneSignalNotificationServiceExtension.release.xcconfig"; sourceTree = "<group>"; };
		F066677D274281C5B1C84BF1 /* Pods_InstagramClone_OneSignalNotificationServiceExtension.framework */ = {isa = PBXFileReference; explicitFileType = wrapper.framework; includeInIndex = 0; path = Pods_InstagramClone_OneSignalNotificationServiceExtension.framework; sourceTree = BUILT_PRODUCTS_DIR; };
		F8BFECFAE89A025E52C689DE /* Pods-InstagramClone.release.xcconfig */ = {isa = PBXFileReference; includeInIndex = 1; lastKnownFileType = text.xcconfig; name = "Pods-InstagramClone.release.xcconfig"; path = "Target Support Files/Pods-InstagramClone/Pods-InstagramClone.release.xcconfig"; sourceTree = "<group>"; };
/* End PBXFileReference section */

/* Begin PBXFrameworksBuildPhase section */
		8401AF4C2A23DFD700C5D0E3 /* Frameworks */ = {
			isa = PBXFrameworksBuildPhase;
			buildActionMask = 2147483647;
			files = (
				C33CA4EA968198FD5763AA2B /* Pods_InstagramClone_OneSignalNotificationServiceExtension.framework in Frameworks */,
			);
			runOnlyForDeploymentPostprocessing = 0;
		};
		84DC73C42A201ABE00779F4F /* Frameworks */ = {
			isa = PBXFrameworksBuildPhase;
			buildActionMask = 2147483647;
			files = (
				8DC8B85FEF355D1D957ABAEC /* Pods_InstagramClone.framework in Frameworks */,
			);
			runOnlyForDeploymentPostprocessing = 0;
		};
/* End PBXFrameworksBuildPhase section */

/* Begin PBXGroup section */
		1214EAE2CA09792E789D03B4 /* Frameworks */ = {
			isa = PBXGroup;
			children = (
				75064DB92CBF825A3A543A5F /* Pods_InstagramClone.framework */,
				F066677D274281C5B1C84BF1 /* Pods_InstagramClone_OneSignalNotificationServiceExtension.framework */,
			);
			name = Frameworks;
			sourceTree = "<group>";
		};
		8401AF502A23DFD700C5D0E3 /* OneSignalNotificationServiceExtension */ = {
			isa = PBXGroup;
			children = (
				8401AF5C2A23FA1700C5D0E3 /* OneSignalNotificationServiceExtension.entitlements */,
				8401AF512A23DFD700C5D0E3 /* NotificationService.swift */,
				8401AF532A23DFD700C5D0E3 /* Info.plist */,
			);
			path = OneSignalNotificationServiceExtension;
			sourceTree = "<group>";
		};
		84DC73BE2A201ABE00779F4F = {
			isa = PBXGroup;
			children = (
				84DC73C92A201ABE00779F4F /* InstagramClone */,
				8401AF502A23DFD700C5D0E3 /* OneSignalNotificationServiceExtension */,
				84DC73C82A201ABE00779F4F /* Products */,
				C8590BD36CA8B80F17289FD4 /* Pods */,
				1214EAE2CA09792E789D03B4 /* Frameworks */,
			);
			sourceTree = "<group>";
		};
		84DC73C82A201ABE00779F4F /* Products */ = {
			isa = PBXGroup;
			children = (
				84DC73C72A201ABE00779F4F /* InstagramClone.app */,
				8401AF4F2A23DFD700C5D0E3 /* OneSignalNotificationServiceExtension.appex */,
			);
			name = Products;
			sourceTree = "<group>";
		};
		84DC73C92A201ABE00779F4F /* InstagramClone */ = {
			isa = PBXGroup;
			children = (
				8401AF5B2A23EFA900C5D0E3 /* InstagramClone.entitlements */,
				84DC73CA2A201ABE00779F4F /* AppDelegate.swift */,
				84DC73CC2A201ABE00779F4F /* SceneDelegate.swift */,
				84DC73CE2A201ABE00779F4F /* ViewController.swift */,
				847EC38C2A20E02300A009ED /* FeedViewController.swift */,
				847EC3922A20E06E00A009ED /* UploadViewController.swift */,
				847EC3902A20E04F00A009ED /* SettingsViewController.swift */,
				847EC3942A2130E600A009ED /* FeedCell.swift */,
				84DC73D02A201ABE00779F4F /* Main.storyboard */,
				84DC73DE2A201BED00779F4F /* GoogleService-Info.plist */,
				84DC73D32A201ABE00779F4F /* Assets.xcassets */,
				84DC73D52A201ABE00779F4F /* LaunchScreen.storyboard */,
				84DC73D82A201ABE00779F4F /* Info.plist */,
			);
			path = InstagramClone;
			sourceTree = "<group>";
		};
		C8590BD36CA8B80F17289FD4 /* Pods */ = {
			isa = PBXGroup;
			children = (
				A73FDF48E2EFD5A56B783A5E /* Pods-InstagramClone.debug.xcconfig */,
				F8BFECFAE89A025E52C689DE /* Pods-InstagramClone.release.xcconfig */,
				7C38656853B768DA3CD6AAAC /* Pods-InstagramClone-OneSignalNotificationServiceExtension.debug.xcconfig */,
				C7C413C743CB2CD3D49D4E21 /* Pods-InstagramClone-OneSignalNotificationServiceExtension.release.xcconfig */,
			);
			path = Pods;
			sourceTree = "<group>";
		};
/* End PBXGroup section */

/* Begin PBXNativeTarget section */
		8401AF4E2A23DFD700C5D0E3 /* OneSignalNotificationServiceExtension */ = {
			isa = PBXNativeTarget;
			buildConfigurationList = 8401AF572A23DFD700C5D0E3 /* Build configuration list for PBXNativeTarget "OneSignalNotificationServiceExtension" */;
			buildPhases = (
				7211921F642B41DD00933C8D /* [CP] Check Pods Manifest.lock */,
				8401AF4B2A23DFD700C5D0E3 /* Sources */,
				8401AF4C2A23DFD700C5D0E3 /* Frameworks */,
				8401AF4D2A23DFD700C5D0E3 /* Resources */,
			);
			buildRules = (
			);
			dependencies = (
			);
			name = OneSignalNotificationServiceExtension;
			productName = OneSignalNotificationServiceExtension;
			productReference = 8401AF4F2A23DFD700C5D0E3 /* OneSignalNotificationServiceExtension.appex */;
			productType = "com.apple.product-type.app-extension";
		};
		84DC73C62A201ABE00779F4F /* InstagramClone */ = {
			isa = PBXNativeTarget;
			buildConfigurationList = 84DC73DB2A201ABE00779F4F /* Build configuration list for PBXNativeTarget "InstagramClone" */;
			buildPhases = (
				681677A74C821B0267D740E2 /* [CP] Check Pods Manifest.lock */,
				84DC73C32A201ABE00779F4F /* Sources */,
				84DC73C42A201ABE00779F4F /* Frameworks */,
				84DC73C52A201ABE00779F4F /* Resources */,
				AFF0C52F1B37B3802569E11E /* [CP] Embed Pods Frameworks */,
				8401AF5A2A23DFD700C5D0E3 /* Embed Foundation Extensions */,
			);
			buildRules = (
			);
			dependencies = (
				8401AF552A23DFD700C5D0E3 /* PBXTargetDependency */,
			);
			name = InstagramClone;
			productName = InstagramClone;
			productReference = 84DC73C72A201ABE00779F4F /* InstagramClone.app */;
			productType = "com.apple.product-type.application";
		};
/* End PBXNativeTarget section */

/* Begin PBXProject section */
		84DC73BF2A201ABE00779F4F /* Project object */ = {
			isa = PBXProject;
			attributes = {
				BuildIndependentTargetsInParallel = 1;
				LastSwiftUpdateCheck = 1430;
				LastUpgradeCheck = 1430;
				TargetAttributes = {
					8401AF4E2A23DFD700C5D0E3 = {
						CreatedOnToolsVersion = 14.3;
					};
					84DC73C62A201ABE00779F4F = {
						CreatedOnToolsVersion = 14.3;
					};
				};
			};
			buildConfigurationList = 84DC73C22A201ABE00779F4F /* Build configuration list for PBXProject "InstagramClone" */;
			compatibilityVersion = "Xcode 14.0";
			developmentRegion = en;
			hasScannedForEncodings = 0;
			knownRegions = (
				en,
				Base,
			);
			mainGroup = 84DC73BE2A201ABE00779F4F;
			productRefGroup = 84DC73C82A201ABE00779F4F /* Products */;
			projectDirPath = "";
			projectRoot = "";
			targets = (
				84DC73C62A201ABE00779F4F /* InstagramClone */,
				8401AF4E2A23DFD700C5D0E3 /* OneSignalNotificationServiceExtension */,
			);
		};
/* End PBXProject section */

/* Begin PBXResourcesBuildPhase section */
		8401AF4D2A23DFD700C5D0E3 /* Resources */ = {
			isa = PBXResourcesBuildPhase;
			buildActionMask = 2147483647;
			files = (
			);
			runOnlyForDeploymentPostprocessing = 0;
		};
		84DC73C52A201ABE00779F4F /* Resources */ = {
			isa = PBXResourcesBuildPhase;
			buildActionMask = 2147483647;
			files = (
				84DC73D72A201ABE00779F4F /* LaunchScreen.storyboard in Resources */,
				84DC73D42A201ABE00779F4F /* Assets.xcassets in Resources */,
				84DC73DF2A201BED00779F4F /* GoogleService-Info.plist in Resources */,
				84DC73D22A201ABE00779F4F /* Main.storyboard in Resources */,
			);
			runOnlyForDeploymentPostprocessing = 0;
		};
/* End PBXResourcesBuildPhase section */

/* Begin PBXShellScriptBuildPhase section */
		681677A74C821B0267D740E2 /* [CP] Check Pods Manifest.lock */ = {
			isa = PBXShellScriptBuildPhase;
			buildActionMask = 2147483647;
			files = (
			);
			inputFileListPaths = (
			);
			inputPaths = (
				"${PODS_PODFILE_DIR_PATH}/Podfile.lock",
				"${PODS_ROOT}/Manifest.lock",
			);
			name = "[CP] Check Pods Manifest.lock";
			outputFileListPaths = (
			);
			outputPaths = (
				"$(DERIVED_FILE_DIR)/Pods-InstagramClone-checkManifestLockResult.txt",
			);
			runOnlyForDeploymentPostprocessing = 0;
			shellPath = /bin/sh;
			shellScript = "diff \"${PODS_PODFILE_DIR_PATH}/Podfile.lock\" \"${PODS_ROOT}/Manifest.lock\" > /dev/null\nif [ $? != 0 ] ; then\n    # print error to STDERR\n    echo \"error: The sandbox is not in sync with the Podfile.lock. Run 'pod install' or update your CocoaPods installation.\" >&2\n    exit 1\nfi\n# This output is used by Xcode 'outputs' to avoid re-running this script phase.\necho \"SUCCESS\" > \"${SCRIPT_OUTPUT_FILE_0}\"\n";
			showEnvVarsInLog = 0;
		};
		7211921F642B41DD00933C8D /* [CP] Check Pods Manifest.lock */ = {
			isa = PBXShellScriptBuildPhase;
			buildActionMask = 2147483647;
			files = (
			);
			inputFileListPaths = (
			);
			inputPaths = (
				"${PODS_PODFILE_DIR_PATH}/Podfile.lock",
				"${PODS_ROOT}/Manifest.lock",
			);
			name = "[CP] Check Pods Manifest.lock";
			outputFileListPaths = (
			);
			outputPaths = (
				"$(DERIVED_FILE_DIR)/Pods-InstagramClone-OneSignalNotificationServiceExtension-checkManifestLockResult.txt",
			);
			runOnlyForDeploymentPostprocessing = 0;
			shellPath = /bin/sh;
			shellScript = "diff \"${PODS_PODFILE_DIR_PATH}/Podfile.lock\" \"${PODS_ROOT}/Manifest.lock\" > /dev/null\nif [ $? != 0 ] ; then\n    # print error to STDERR\n    echo \"error: The sandbox is not in sync with the Podfile.lock. Run 'pod install' or update your CocoaPods installation.\" >&2\n    exit 1\nfi\n# This output is used by Xcode 'outputs' to avoid re-running this script phase.\necho \"SUCCESS\" > \"${SCRIPT_OUTPUT_FILE_0}\"\n";
			showEnvVarsInLog = 0;
		};
		AFF0C52F1B37B3802569E11E /* [CP] Embed Pods Frameworks */ = {
			isa = PBXShellScriptBuildPhase;
			buildActionMask = 2147483647;
			files = (
			);
			inputFileListPaths = (
				"${PODS_ROOT}/Target Support Files/Pods-InstagramClone/Pods-InstagramClone-frameworks-${CONFIGURATION}-input-files.xcfilelist",
			);
			name = "[CP] Embed Pods Frameworks";
			outputFileListPaths = (
				"${PODS_ROOT}/Target Support Files/Pods-InstagramClone/Pods-InstagramClone-frameworks-${CONFIGURATION}-output-files.xcfilelist",
			);
			runOnlyForDeploymentPostprocessing = 0;
			shellPath = /bin/sh;
			shellScript = "\"${PODS_ROOT}/Target Support Files/Pods-InstagramClone/Pods-InstagramClone-frameworks.sh\"\n";
			showEnvVarsInLog = 0;
		};
/* End PBXShellScriptBuildPhase section */

/* Begin PBXSourcesBuildPhase section */
		8401AF4B2A23DFD700C5D0E3 /* Sources */ = {
			isa = PBXSourcesBuildPhase;
			buildActionMask = 2147483647;
			files = (
				8401AF522A23DFD700C5D0E3 /* NotificationService.swift in Sources */,
			);
			runOnlyForDeploymentPostprocessing = 0;
		};
		84DC73C32A201ABE00779F4F /* Sources */ = {
			isa = PBXSourcesBuildPhase;
			buildActionMask = 2147483647;
			files = (
				847EC3952A2130E600A009ED /* FeedCell.swift in Sources */,
				84DC73CF2A201ABE00779F4F /* ViewController.swift in Sources */,
				847EC3932A20E06E00A009ED /* UploadViewController.swift in Sources */,
				84DC73CB2A201ABE00779F4F /* AppDelegate.swift in Sources */,
				847EC38D2A20E02300A009ED /* FeedViewController.swift in Sources */,
				84DC73CD2A201ABE00779F4F /* SceneDelegate.swift in Sources */,
				847EC3912A20E04F00A009ED /* SettingsViewController.swift in Sources */,
			);
			runOnlyForDeploymentPostprocessing = 0;
		};
/* End PBXSourcesBuildPhase section */

/* Begin PBXTargetDependency section */
		8401AF552A23DFD700C5D0E3 /* PBXTargetDependency */ = {
			isa = PBXTargetDependency;
			target = 8401AF4E2A23DFD700C5D0E3 /* OneSignalNotificationServiceExtension */;
			targetProxy = 8401AF542A23DFD700C5D0E3 /* PBXContainerItemProxy */;
		};
/* End PBXTargetDependency section */

/* Begin PBXVariantGroup section */
		84DC73D02A201ABE00779F4F /* Main.storyboard */ = {
			isa = PBXVariantGroup;
			children = (
				84DC73D12A201ABE00779F4F /* Base */,
			);
			name = Main.storyboard;
			sourceTree = "<group>";
		};
		84DC73D52A201ABE00779F4F /* LaunchScreen.storyboard */ = {
			isa = PBXVariantGroup;
			children = (
				84DC73D62A201ABE00779F4F /* Base */,
			);
			name = LaunchScreen.storyboard;
			sourceTree = "<group>";
		};
/* End PBXVariantGroup section */

/* Begin XCBuildConfiguration section */
		8401AF582A23DFD700C5D0E3 /* Debug */ = {
			isa = XCBuildConfiguration;
			baseConfigurationReference = 7C38656853B768DA3CD6AAAC /* Pods-InstagramClone-OneSignalNotificationServiceExtension.debug.xcconfig */;
			buildSettings = {
				CODE_SIGN_ENTITLEMENTS = OneSignalNotificationServiceExtension/OneSignalNotificationServiceExtension.entitlements;
				CODE_SIGN_STYLE = Automatic;
				CURRENT_PROJECT_VERSION = 1;
				DEVELOPMENT_TEAM = CFBPBU763M;
				GENERATE_INFOPLIST_FILE = YES;
				INFOPLIST_FILE = OneSignalNotificationServiceExtension/Info.plist;
				INFOPLIST_KEY_CFBundleDisplayName = OneSignalNotificationServiceExtension;
				INFOPLIST_KEY_NSHumanReadableCopyright = "";
				IPHONEOS_DEPLOYMENT_TARGET = 15.0;
				LD_RUNPATH_SEARCH_PATHS = (
					"$(inherited)",
					"@executable_path/Frameworks",
					"@executable_path/../../Frameworks",
				);
				MARKETING_VERSION = 1.0;
				PRODUCT_BUNDLE_IDENTIFIER = com.softrestart.InstagramClone.OneSignalNotificationServiceExtension;
				PRODUCT_NAME = "$(TARGET_NAME)";
				SKIP_INSTALL = YES;
				SWIFT_EMIT_LOC_STRINGS = YES;
				SWIFT_VERSION = 5.0;
				TARGETED_DEVICE_FAMILY = "1,2";
			};
			name = Debug;
		};
		8401AF592A23DFD700C5D0E3 /* Release */ = {
			isa = XCBuildConfiguration;
			baseConfigurationReference = C7C413C743CB2CD3D49D4E21 /* Pods-InstagramClone-OneSignalNotificationServiceExtension.release.xcconfig */;
			buildSettings = {
				CODE_SIGN_ENTITLEMENTS = OneSignalNotificationServiceExtension/OneSignalNotificationServiceExtension.entitlements;
				CODE_SIGN_STYLE = Automatic;
				CURRENT_PROJECT_VERSION = 1;
				DEVELOPMENT_TEAM = CFBPBU763M;
				GENERATE_INFOPLIST_FILE = YES;
				INFOPLIST_FILE = OneSignalNotificationServiceExtension/Info.plist;
				INFOPLIST_KEY_CFBundleDisplayName = OneSignalNotificationServiceExtension;
				INFOPLIST_KEY_NSHumanReadableCopyright = "";
				IPHONEOS_DEPLOYMENT_TARGET = 15.0;
				LD_RUNPATH_SEARCH_PATHS = (
					"$(inherited)",
					"@executable_path/Frameworks",
					"@executable_path/../../Frameworks",
				);
				MARKETING_VERSION = 1.0;
				PRODUCT_BUNDLE_IDENTIFIER = com.softrestart.InstagramClone.OneSignalNotificationServiceExtension;
				PRODUCT_NAME = "$(TARGET_NAME)";
				SKIP_INSTALL = YES;
				SWIFT_EMIT_LOC_STRINGS = YES;
				SWIFT_VERSION = 5.0;
				TARGETED_DEVICE_FAMILY = "1,2";
			};
			name = Release;
		};
		84DC73D92A201ABE00779F4F /* Debug */ = {
			isa = XCBuildConfiguration;
			buildSettings = {
				ALWAYS_SEARCH_USER_PATHS = NO;
				CLANG_ANALYZER_NONNULL = YES;
				CLANG_ANALYZER_NUMBER_OBJECT_CONVERSION = YES_AGGRESSIVE;
				CLANG_CXX_LANGUAGE_STANDARD = "gnu++20";
				CLANG_ENABLE_MODULES = YES;
				CLANG_ENABLE_OBJC_ARC = YES;
				CLANG_ENABLE_OBJC_WEAK = YES;
				CLANG_WARN_BLOCK_CAPTURE_AUTORELEASING = YES;
				CLANG_WARN_BOOL_CONVERSION = YES;
				CLANG_WARN_COMMA = YES;
				CLANG_WARN_CONSTANT_CONVERSION = YES;
				CLANG_WARN_DEPRECATED_OBJC_IMPLEMENTATIONS = YES;
				CLANG_WARN_DIRECT_OBJC_ISA_USAGE = YES_ERROR;
				CLANG_WARN_DOCUMENTATION_COMMENTS = YES;
				CLANG_WARN_EMPTY_BODY = YES;
				CLANG_WARN_ENUM_CONVERSION = YES;
				CLANG_WARN_INFINITE_RECURSION = YES;
				CLANG_WARN_INT_CONVERSION = YES;
				CLANG_WARN_NON_LITERAL_NULL_CONVERSION = YES;
				CLANG_WARN_OBJC_IMPLICIT_RETAIN_SELF = YES;
				CLANG_WARN_OBJC_LITERAL_CONVERSION = YES;
				CLANG_WARN_OBJC_ROOT_CLASS = YES_ERROR;
				CLANG_WARN_QUOTED_INCLUDE_IN_FRAMEWORK_HEADER = YES;
				CLANG_WARN_RANGE_LOOP_ANALYSIS = YES;
				CLANG_WARN_STRICT_PROTOTYPES = YES;
				CLANG_WARN_SUSPICIOUS_MOVE = YES;
				CLANG_WARN_UNGUARDED_AVAILABILITY = YES_AGGRESSIVE;
				CLANG_WARN_UNREACHABLE_CODE = YES;
				CLANG_WARN__DUPLICATE_METHOD_MATCH = YES;
				COPY_PHASE_STRIP = NO;
				DEBUG_INFORMATION_FORMAT = dwarf;
				ENABLE_STRICT_OBJC_MSGSEND = YES;
				ENABLE_TESTABILITY = YES;
				GCC_C_LANGUAGE_STANDARD = gnu11;
				GCC_DYNAMIC_NO_PIC = NO;
				GCC_NO_COMMON_BLOCKS = YES;
				GCC_OPTIMIZATION_LEVEL = 0;
				GCC_PREPROCESSOR_DEFINITIONS = (
					"DEBUG=1",
					"$(inherited)",
				);
				GCC_WARN_64_TO_32_BIT_CONVERSION = YES;
				GCC_WARN_ABOUT_RETURN_TYPE = YES_ERROR;
				GCC_WARN_UNDECLARED_SELECTOR = YES;
				GCC_WARN_UNINITIALIZED_AUTOS = YES_AGGRESSIVE;
				GCC_WARN_UNUSED_FUNCTION = YES;
				GCC_WARN_UNUSED_VARIABLE = YES;
				IPHONEOS_DEPLOYMENT_TARGET = 15.0;
				MTL_ENABLE_DEBUG_INFO = INCLUDE_SOURCE;
				MTL_FAST_MATH = YES;
				ONLY_ACTIVE_ARCH = YES;
				SDKROOT = iphoneos;
				SWIFT_ACTIVE_COMPILATION_CONDITIONS = DEBUG;
				SWIFT_OPTIMIZATION_LEVEL = "-Onone";
			};
			name = Debug;
		};
		84DC73DA2A201ABE00779F4F /* Release */ = {
			isa = XCBuildConfiguration;
			buildSettings = {
				ALWAYS_SEARCH_USER_PATHS = NO;
				CLANG_ANALYZER_NONNULL = YES;
				CLANG_ANALYZER_NUMBER_OBJECT_CONVERSION = YES_AGGRESSIVE;
				CLANG_CXX_LANGUAGE_STANDARD = "gnu++20";
				CLANG_ENABLE_MODULES = YES;
				CLANG_ENABLE_OBJC_ARC = YES;
				CLANG_ENABLE_OBJC_WEAK = YES;
				CLANG_WARN_BLOCK_CAPTURE_AUTORELEASING = YES;
				CLANG_WARN_BOOL_CONVERSION = YES;
				CLANG_WARN_COMMA = YES;
				CLANG_WARN_CONSTANT_CONVERSION = YES;
				CLANG_WARN_DEPRECATED_OBJC_IMPLEMENTATIONS = YES;
				CLANG_WARN_DIRECT_OBJC_ISA_USAGE = YES_ERROR;
				CLANG_WARN_DOCUMENTATION_COMMENTS = YES;
				CLANG_WARN_EMPTY_BODY = YES;
				CLANG_WARN_ENUM_CONVERSION = YES;
				CLANG_WARN_INFINITE_RECURSION = YES;
				CLANG_WARN_INT_CONVERSION = YES;
				CLANG_WARN_NON_LITERAL_NULL_CONVERSION = YES;
				CLANG_WARN_OBJC_IMPLICIT_RETAIN_SELF = YES;
				CLANG_WARN_OBJC_LITERAL_CONVERSION = YES;
				CLANG_WARN_OBJC_ROOT_CLASS = YES_ERROR;
				CLANG_WARN_QUOTED_INCLUDE_IN_FRAMEWORK_HEADER = YES;
				CLANG_WARN_RANGE_LOOP_ANALYSIS = YES;
				CLANG_WARN_STRICT_PROTOTYPES = YES;
				CLANG_WARN_SUSPICIOUS_MOVE = YES;
				CLANG_WARN_UNGUARDED_AVAILABILITY = YES_AGGRESSIVE;
				CLANG_WARN_UNREACHABLE_CODE = YES;
				CLANG_WARN__DUPLICATE_METHOD_MATCH = YES;
				COPY_PHASE_STRIP = NO;
				DEBUG_INFORMATION_FORMAT = "dwarf-with-dsym";
				ENABLE_NS_ASSERTIONS = NO;
				ENABLE_STRICT_OBJC_MSGSEND = YES;
				GCC_C_LANGUAGE_STANDARD = gnu11;
				GCC_NO_COMMON_BLOCKS = YES;
				GCC_WARN_64_TO_32_BIT_CONVERSION = YES;
				GCC_WARN_ABOUT_RETURN_TYPE = YES_ERROR;
				GCC_WARN_UNDECLARED_SELECTOR = YES;
				GCC_WARN_UNINITIALIZED_AUTOS = YES_AGGRESSIVE;
				GCC_WARN_UNUSED_FUNCTION = YES;
				GCC_WARN_UNUSED_VARIABLE = YES;
				IPHONEOS_DEPLOYMENT_TARGET = 15.0;
				MTL_ENABLE_DEBUG_INFO = NO;
				MTL_FAST_MATH = YES;
				SDKROOT = iphoneos;
				SWIFT_COMPILATION_MODE = wholemodule;
				SWIFT_OPTIMIZATION_LEVEL = "-O";
				VALIDATE_PRODUCT = YES;
			};
			name = Release;
		};
		84DC73DC2A201ABE00779F4F /* Debug */ = {
			isa = XCBuildConfiguration;
			baseConfigurationReference = A73FDF48E2EFD5A56B783A5E /* Pods-InstagramClone.debug.xcconfig */;
			buildSettings = {
				ALWAYS_EMBED_SWIFT_STANDARD_LIBRARIES = YES;
				ASSETCATALOG_COMPILER_APPICON_NAME = AppIcon;
				ASSETCATALOG_COMPILER_GLOBAL_ACCENT_COLOR_NAME = AccentColor;
				CODE_SIGN_ENTITLEMENTS = InstagramClone/InstagramClone.entitlements;
				CODE_SIGN_STYLE = Automatic;
				CURRENT_PROJECT_VERSION = 1;
				DEVELOPMENT_TEAM = CFBPBU763M;
				GENERATE_INFOPLIST_FILE = YES;
				INFOPLIST_FILE = InstagramClone/Info.plist;
				INFOPLIST_KEY_CFBundleDisplayName = EmuGram;
				INFOPLIST_KEY_NSPhotoLibraryUsageDescription = "Photo Upload, Selected!";
				INFOPLIST_KEY_UIApplicationSupportsIndirectInputEvents = YES;
				INFOPLIST_KEY_UILaunchStoryboardName = LaunchScreen;
				INFOPLIST_KEY_UIMainStoryboardFile = Main;
				INFOPLIST_KEY_UISupportedInterfaceOrientations_iPad = "UIInterfaceOrientationPortrait UIInterfaceOrientationPortraitUpsideDown UIInterfaceOrientationLandscapeLeft UIInterfaceOrientationLandscapeRight";
				INFOPLIST_KEY_UISupportedInterfaceOrientations_iPhone = "UIInterfaceOrientationPortrait UIInterfaceOrientationLandscapeLeft UIInterfaceOrientationLandscapeRight";
				IPHONEOS_DEPLOYMENT_TARGET = 15.0;
				LD_RUNPATH_SEARCH_PATHS = (
					"$(inherited)",
					"@executable_path/Frameworks",
				);
				MARKETING_VERSION = 1.0;
				PRODUCT_BUNDLE_IDENTIFIER = com.softrestart.InstagramClone;
				PRODUCT_NAME = "$(TARGET_NAME)";
				SWIFT_EMIT_LOC_STRINGS = YES;
				SWIFT_VERSION = 5.0;
				TARGETED_DEVICE_FAMILY = "1,2";
			};
			name = Debug;
		};
		84DC73DD2A201ABE00779F4F /* Release */ = {
			isa = XCBuildConfiguration;
			baseConfigurationReference = F8BFECFAE89A025E52C689DE /* Pods-InstagramClone.release.xcconfig */;
			buildSettings = {
				ALWAYS_EMBED_SWIFT_STANDARD_LIBRARIES = YES;
				ASSETCATALOG_COMPILER_APPICON_NAME = AppIcon;
				ASSETCATALOG_COMPILER_GLOBAL_ACCENT_COLOR_NAME = AccentColor;
				CODE_SIGN_ENTITLEMENTS = InstagramClone/InstagramClone.entitlements;
				CODE_SIGN_STYLE = Automatic;
				CURRENT_PROJECT_VERSION = 1;
				DEVELOPMENT_TEAM = CFBPBU763M;
				GENERATE_INFOPLIST_FILE = YES;
				INFOPLIST_FILE = InstagramClone/Info.plist;
				INFOPLIST_KEY_CFBundleDisplayName = EmuGram;
				INFOPLIST_KEY_NSPhotoLibraryUsageDescription = "Photo Upload, Selected!";
				INFOPLIST_KEY_UIApplicationSupportsIndirectInputEvents = YES;
				INFOPLIST_KEY_UILaunchStoryboardName = LaunchScreen;
				INFOPLIST_KEY_UIMainStoryboardFile = Main;
				INFOPLIST_KEY_UISupportedInterfaceOrientations_iPad = "UIInterfaceOrientationPortrait UIInterfaceOrientationPortraitUpsideDown UIInterfaceOrientationLandscapeLeft UIInterfaceOrientationLandscapeRight";
				INFOPLIST_KEY_UISupportedInterfaceOrientations_iPhone = "UIInterfaceOrientationPortrait UIInterfaceOrientationLandscapeLeft UIInterfaceOrientationLandscapeRight";
				IPHONEOS_DEPLOYMENT_TARGET = 15.0;
				LD_RUNPATH_SEARCH_PATHS = (
					"$(inherited)",
					"@executable_path/Frameworks",
				);
				MARKETING_VERSION = 1.0;
				PRODUCT_BUNDLE_IDENTIFIER = com.softrestart.InstagramClone;
				PRODUCT_NAME = "$(TARGET_NAME)";
				SWIFT_EMIT_LOC_STRINGS = YES;
				SWIFT_VERSION = 5.0;
				TARGETED_DEVICE_FAMILY = "1,2";
			};
			name = Release;
		};
/* End XCBuildConfiguration section */

/* Begin XCConfigurationList section */
		8401AF572A23DFD700C5D0E3 /* Build configuration list for PBXNativeTarget "OneSignalNotificationServiceExtension" */ = {
			isa = XCConfigurationList;
			buildConfigurations = (
				8401AF582A23DFD700C5D0E3 /* Debug */,
				8401AF592A23DFD700C5D0E3 /* Release */,
			);
			defaultConfigurationIsVisible = 0;
			defaultConfigurationName = Release;
		};
		84DC73C22A201ABE00779F4F /* Build configuration list for PBXProject "InstagramClone" */ = {
			isa = XCConfigurationList;
			buildConfigurations = (
				84DC73D92A201ABE00779F4F /* Debug */,
				84DC73DA2A201ABE00779F4F /* Release */,
			);
			defaultConfigurationIsVisible = 0;
			defaultConfigurationName = Release;
		};
		84DC73DB2A201ABE00779F4F /* Build configuration list for PBXNativeTarget "InstagramClone" */ = {
			isa = XCConfigurationList;
			buildConfigurations = (
				84DC73DC2A201ABE00779F4F /* Debug */,
				84DC73DD2A201ABE00779F4F /* Release */,
			);
			defaultConfigurationIsVisible = 0;
			defaultConfigurationName = Release;
		};
/* End XCConfigurationList section */
	};
	rootObject = 84DC73BF2A201ABE00779F4F /* Project object */;
}
